
Microsoft Visual Studio Solution File, Format Version 12.00
# Visual Studio 15
VisualStudioVersion = 15.0.26730.8
MinimumVisualStudioVersion = 10.0.40219.1
Project("{FAE04EC0-301F-11D3-BF4B-00C04F79EFBC}") = "Jazz2", "Jazz2\Jazz2.csproj", "{7CC64746-8BA3-49ED-AFFC-AE4308AC1FA4}"
EndProject
Project("{FAE04EC0-301F-11D3-BF4B-00C04F79EFBC}") = "Import", "Import\Import.csproj", "{742EEB7B-19D1-41B1-8870-02300CC9281F}"
EndProject
Project("{FAE04EC0-301F-11D3-BF4B-00C04F79EFBC}") = "OpenTKBackend", "Extensions\OpenTKBackend\OpenTKBackend.csproj", "{2CC35924-68BF-4099-A809-AD2C3B219FF6}"
EndProject
Project("{2150E333-8FDC-42A3-9474-1A3956D46DE8}") = "Extensions", "Extensions", "{43EA5404-3A29-444C-A43E-7B48D289FC44}"
EndProject
Project("{FAE04EC0-301F-11D3-BF4B-00C04F79EFBC}") = "Jazz2.Android", "Jazz2.Android\Jazz2.Android.csproj", "{74E972A2-711F-4A9F-8D0B-AAEF2F02DD48}"
EndProject
Project("{D954291E-2A0B-460D-934E-DC6B0785DB48}") = "Jazz2.Core", "Jazz2.Core\Jazz2.Core.shproj", "{07EBF55E-8758-4305-B77E-C45FDEA843EC}"
EndProject
Project("{2150E333-8FDC-42A3-9474-1A3956D46DE8}") = "Tools", "Tools", "{B73F0AF4-8283-4019-B9E5-85A57B12489F}"
EndProject
Project("{2150E333-8FDC-42A3-9474-1A3956D46DE8}") = "Solution Items", "Solution Items", "{83CAB5E7-226B-46BE-8066-3C7EA02B4725}"
	ProjectSection(SolutionItems) = preProject
		README.md = README.md
	EndProjectSection
EndProject
Project("{FAE04EC0-301F-11D3-BF4B-00C04F79EFBC}") = "Lidgren.Network", "Extensions\Lidgren.Network\Lidgren.Network.csproj", "{49BA1C69-6104-41AC-A5D8-B54FA9F696E8}"
EndProject
Project("{FAE04EC0-301F-11D3-BF4B-00C04F79EFBC}") = "Jazz2.Server", "Jazz2.Server\Jazz2.Server.csproj", "{1BBE20FE-4DE1-4DC0-A56E-822F48617B27}"
EndProject
Project("{2150E333-8FDC-42A3-9474-1A3956D46DE8}") = "Shared", "Shared", "{551F2C0E-647C-4DE2-BB1C-DF57AB0F2663}"
EndProject
Project("{D954291E-2A0B-460D-934E-DC6B0785DB48}") = "NetworkPackets", "Shared\NetworkPackets\NetworkPackets.shproj", "{64F6BE65-220B-4DE3-82AF-80E24D45CC67}"
EndProject
Project("{D954291E-2A0B-460D-934E-DC6B0785DB48}") = "Duality", "Shared\Duality\Duality.shproj", "{89366AC3-B408-492B-8EF5-714CDFE4FEFF}"
EndProject
Project("{D954291E-2A0B-460D-934E-DC6B0785DB48}") = "Primitives", "Shared\Primitives\Primitives.shproj", "{2DAD5DF0-99D5-4837-AF78-CF189DB386A2}"
EndProject
Global
	GlobalSection(SharedMSBuildProjectFiles) = preSolution
		Jazz2.Core\Jazz2.Core.projitems*{07ebf55e-8758-4305-b77e-c45fdea843ec}*SharedItemsImports = 13
		Jazz2.Core\Jazz2.Core.projitems*{1bbe20fe-4de1-4dc0-a56e-822f48617b27}*SharedItemsImports = 4
		Shared\Duality\Duality.projitems*{1bbe20fe-4de1-4dc0-a56e-822f48617b27}*SharedItemsImports = 4
		Shared\NetworkPackets\NetworkPackets.projitems*{1bbe20fe-4de1-4dc0-a56e-822f48617b27}*SharedItemsImports = 4
		Shared\Primitives\Primitives.projitems*{1bbe20fe-4de1-4dc0-a56e-822f48617b27}*SharedItemsImports = 4
		Shared\Primitives\Primitives.projitems*{2dad5df0-99d5-4837-af78-cf189db386a2}*SharedItemsImports = 13
		Shared\NetworkPackets\NetworkPackets.projitems*{64f6be65-220b-4de3-82af-80e24d45cc67}*SharedItemsImports = 13
		Jazz2.Core\Jazz2.Core.projitems*{74e972a2-711f-4a9f-8d0b-aaef2f02dd48}*SharedItemsImports = 4
		Shared\Duality\Duality.projitems*{74e972a2-711f-4a9f-8d0b-aaef2f02dd48}*SharedItemsImports = 4
		Shared\Primitives\Primitives.projitems*{74e972a2-711f-4a9f-8d0b-aaef2f02dd48}*SharedItemsImports = 4
		Jazz2.Core\Jazz2.Core.projitems*{7cc64746-8ba3-49ed-affc-ae4308ac1fa4}*SharedItemsImports = 4
		Shared\Duality\Duality.projitems*{7cc64746-8ba3-49ed-affc-ae4308ac1fa4}*SharedItemsImports = 4
		Shared\NetworkPackets\NetworkPackets.projitems*{7cc64746-8ba3-49ed-affc-ae4308ac1fa4}*SharedItemsImports = 4
		Shared\Primitives\Primitives.projitems*{7cc64746-8ba3-49ed-affc-ae4308ac1fa4}*SharedItemsImports = 4
		Shared\Duality\Duality.projitems*{89366ac3-b408-492b-8ef5-714cdfe4feff}*SharedItemsImports = 13
	EndGlobalSection
	GlobalSection(SolutionConfigurationPlatforms) = preSolution
		Debug|Any CPU = Debug|Any CPU
		Release|Any CPU = Release|Any CPU
	EndGlobalSection
	GlobalSection(ProjectConfigurationPlatforms) = postSolution
		{7CC64746-8BA3-49ED-AFFC-AE4308AC1FA4}.Debug|Any CPU.ActiveCfg = Debug|Any CPU
		{7CC64746-8BA3-49ED-AFFC-AE4308AC1FA4}.Debug|Any CPU.Build.0 = Debug|Any CPU
		{7CC64746-8BA3-49ED-AFFC-AE4308AC1FA4}.Release|Any CPU.ActiveCfg = Release|Any CPU
		{7CC64746-8BA3-49ED-AFFC-AE4308AC1FA4}.Release|Any CPU.Build.0 = Release|Any CPU
		{742EEB7B-19D1-41B1-8870-02300CC9281F}.Debug|Any CPU.ActiveCfg = Debug|Any CPU
		{742EEB7B-19D1-41B1-8870-02300CC9281F}.Debug|Any CPU.Build.0 = Debug|Any CPU
		{742EEB7B-19D1-41B1-8870-02300CC9281F}.Release|Any CPU.ActiveCfg = Release|Any CPU
		{742EEB7B-19D1-41B1-8870-02300CC9281F}.Release|Any CPU.Build.0 = Release|Any CPU
		{2CC35924-68BF-4099-A809-AD2C3B219FF6}.Debug|Any CPU.ActiveCfg = Debug|Any CPU
		{2CC35924-68BF-4099-A809-AD2C3B219FF6}.Debug|Any CPU.Build.0 = Debug|Any CPU
		{2CC35924-68BF-4099-A809-AD2C3B219FF6}.Release|Any CPU.ActiveCfg = Release|Any CPU
		{2CC35924-68BF-4099-A809-AD2C3B219FF6}.Release|Any CPU.Build.0 = Release|Any CPU
		{74E972A2-711F-4A9F-8D0B-AAEF2F02DD48}.Debug|Any CPU.ActiveCfg = Debug|Any CPU
		{74E972A2-711F-4A9F-8D0B-AAEF2F02DD48}.Debug|Any CPU.Build.0 = Debug|Any CPU
		{74E972A2-711F-4A9F-8D0B-AAEF2F02DD48}.Debug|Any CPU.Deploy.0 = Debug|Any CPU
		{74E972A2-711F-4A9F-8D0B-AAEF2F02DD48}.Release|Any CPU.ActiveCfg = Release|Any CPU
		{74E972A2-711F-4A9F-8D0B-AAEF2F02DD48}.Release|Any CPU.Build.0 = Release|Any CPU
		{74E972A2-711F-4A9F-8D0B-AAEF2F02DD48}.Release|Any CPU.Deploy.0 = Release|Any CPU
		{49BA1C69-6104-41AC-A5D8-B54FA9F696E8}.Debug|Any CPU.ActiveCfg = Debug|Any CPU
		{49BA1C69-6104-41AC-A5D8-B54FA9F696E8}.Debug|Any CPU.Build.0 = Debug|Any CPU
		{49BA1C69-6104-41AC-A5D8-B54FA9F696E8}.Release|Any CPU.ActiveCfg = Release|Any CPU
		{49BA1C69-6104-41AC-A5D8-B54FA9F696E8}.Release|Any CPU.Build.0 = Release|Any CPU
		{1BBE20FE-4DE1-4DC0-A56E-822F48617B27}.Debug|Any CPU.ActiveCfg = Debug|Any CPU
		{1BBE20FE-4DE1-4DC0-A56E-822F48617B27}.Debug|Any CPU.Build.0 = Debug|Any CPU
		{1BBE20FE-4DE1-4DC0-A56E-822F48617B27}.Release|Any CPU.ActiveCfg = Release|Any CPU
		{1BBE20FE-4DE1-4DC0-A56E-822F48617B27}.Release|Any CPU.Build.0 = Release|Any CPU
	EndGlobalSection
	GlobalSection(SolutionProperties) = preSolution
		HideSolutionNode = FALSE
	EndGlobalSection
	GlobalSection(NestedProjects) = preSolution
		{742EEB7B-19D1-41B1-8870-02300CC9281F} = {B73F0AF4-8283-4019-B9E5-85A57B12489F}
		{2CC35924-68BF-4099-A809-AD2C3B219FF6} = {43EA5404-3A29-444C-A43E-7B48D289FC44}
		{49BA1C69-6104-41AC-A5D8-B54FA9F696E8} = {43EA5404-3A29-444C-A43E-7B48D289FC44}
		{64F6BE65-220B-4DE3-82AF-80E24D45CC67} = {551F2C0E-647C-4DE2-BB1C-DF57AB0F2663}
		{89366AC3-B408-492B-8EF5-714CDFE4FEFF} = {551F2C0E-647C-4DE2-BB1C-DF57AB0F2663}
		{2DAD5DF0-99D5-4837-AF78-CF189DB386A2} = {551F2C0E-647C-4DE2-BB1C-DF57AB0F2663}
	EndGlobalSection
	GlobalSection(ExtensibilityGlobals) = postSolution
		SolutionGuid = {68CDB158-C20C-4E20-9FFD-828478D43E3D}
	EndGlobalSection
EndGlobal
